
Microsoft Visual Studio Solution File, Format Version 12.00
# Visual Studio Version 17
VisualStudioVersion = 17.7.34009.444
MinimumVisualStudioVersion = 10.0.40219.1
Project("{9A19103F-16F7-4668-BE54-9A1E7A4F7556}") = "EFLesson2Training", "EFLesson1Training\EFLesson2Training.csproj", "{24624F8D-6A59-4917-99C2-8A5A59CF882C}"
EndProject
Project("{9A19103F-16F7-4668-BE54-9A1E7A4F7556}") = "Lesson2(EFCore_DBLibrary)", "Lesson1(EFCore_DBLibrary)\Lesson1(EFCore_DBLibrary)\Lesson2(EFCore_DBLibrary).csproj", "{7EE755FA-8D68-4325-8501-6082DD0672EF}"
EndProject
Global
	GlobalSection(SolutionConfigurationPlatforms) = preSolution
		Debug|Any CPU = Debug|Any CPU
		Release|Any CPU = Release|Any CPU
	EndGlobalSection
	GlobalSection(ProjectConfigurationPlatforms) = postSolution
		{24624F8D-6A59-4917-99C2-8A5A59CF882C}.Debug|Any CPU.ActiveCfg = Debug|Any CPU
		{24624F8D-6A59-4917-99C2-8A5A59CF882C}.Debug|Any CPU.Build.0 = Debug|Any CPU
		{24624F8D-6A59-4917-99C2-8A5A59CF882C}.Release|Any CPU.ActiveCfg = Release|Any CPU
		{24624F8D-6A59-4917-99C2-8A5A59CF882C}.Release|Any CPU.Build.0 = Release|Any CPU
		{7EE755FA-8D68-4325-8501-6082DD0672EF}.Debug|Any CPU.ActiveCfg = Debug|Any CPU
		{7EE755FA-8D68-4325-8501-6082DD0672EF}.Debug|Any CPU.Build.0 = Debug|Any CPU
		{7EE755FA-8D68-4325-8501-6082DD0672EF}.Release|Any CPU.ActiveCfg = Release|Any CPU
		{7EE755FA-8D68-4325-8501-6082DD0672EF}.Release|Any CPU.Build.0 = Release|Any CPU
	EndGlobalSection
	GlobalSection(SolutionProperties) = preSolution
		HideSolutionNode = FALSE
	EndGlobalSection
	GlobalSection(ExtensibilityGlobals) = postSolution
		SolutionGuid = {DE050882-E4BD-4275-B1E2-2B5464FD68FA}
	EndGlobalSection
EndGlobal
